
Microsoft Visual Studio Solution File, Format Version 12.00
# Visual Studio 15
VisualStudioVersion = 15.0.27004.2005
MinimumVisualStudioVersion = 10.0.40219.1
Project("{E24C65DC-7377-472B-9ABA-BC803B73C61A}") = "PF", ".", "{E955BF6F-B0C7-43FD-92F4-3D4EA535BB31}"
	ProjectSection(WebsiteProperties) = preProject
		TargetFrameworkMoniker = ".NETFramework,Version%3Dv4.0"
		Debug.AspNetCompiler.VirtualPath = "/localhost_56459"
		Debug.AspNetCompiler.PhysicalPath = "..\PF\"
		Debug.AspNetCompiler.TargetPath = "PrecompiledWeb\localhost_56459\"
		Debug.AspNetCompiler.Updateable = "true"
		Debug.AspNetCompiler.ForceOverwrite = "true"
		Debug.AspNetCompiler.FixedNames = "false"
		Debug.AspNetCompiler.Debug = "True"
		Release.AspNetCompiler.VirtualPath = "/localhost_56459"
		Release.AspNetCompiler.PhysicalPath = "..\PF\"
		Release.AspNetCompiler.TargetPath = "PrecompiledWeb\localhost_56459\"
		Release.AspNetCompiler.Updateable = "true"
		Release.AspNetCompiler.ForceOverwrite = "true"
		Release.AspNetCompiler.FixedNames = "false"
		Release.AspNetCompiler.Debug = "False"
		VWDPort = "56459"
		SlnRelativePath = "..\PF\"
	EndProjectSection
EndProject
Global
	GlobalSection(SolutionConfigurationPlatforms) = preSolution
		Debug|Any CPU = Debug|Any CPU
	EndGlobalSection
	GlobalSection(ProjectConfigurationPlatforms) = postSolution
		{E955BF6F-B0C7-43FD-92F4-3D4EA535BB31}.Debug|Any CPU.ActiveCfg = Debug|Any CPU
		{E955BF6F-B0C7-43FD-92F4-3D4EA535BB31}.Debug|Any CPU.Build.0 = Debug|Any CPU
	EndGlobalSection
	GlobalSection(SolutionProperties) = preSolution
		HideSolutionNode = FALSE
	EndGlobalSection
	GlobalSection(ExtensibilityGlobals) = postSolution
		SolutionGuid = {7E193A38-48DC-45B7-AEA4-10F8646E6199}
	EndGlobalSection
EndGlobal
